
Microsoft Visual Studio Solution File, Format Version 12.00
# Visual Studio 15
VisualStudioVersion = 15.0.28307.329
MinimumVisualStudioVersion = 10.0.40219.1
Project("{FAE04EC0-301F-11D3-BF4B-00C04F79EFBC}") = "dateDifferences", "dateDifferences\dateDifferences.csproj", "{99CD973A-43F3-43BA-A7C4-CAAC62C686D9}"
EndProject
Global
	GlobalSection(SolutionConfigurationPlatforms) = preSolution
		Debug|Any CPU = Debug|Any CPU
		Release|Any CPU = Release|Any CPU
	EndGlobalSection
	GlobalSection(ProjectConfigurationPlatforms) = postSolution
		{99CD973A-43F3-43BA-A7C4-CAAC62C686D9}.Debug|Any CPU.ActiveCfg = Debug|Any CPU
		{99CD973A-43F3-43BA-A7C4-CAAC62C686D9}.Debug|Any CPU.Build.0 = Debug|Any CPU
		{99CD973A-43F3-43BA-A7C4-CAAC62C686D9}.Release|Any CPU.ActiveCfg = Release|Any CPU
		{99CD973A-43F3-43BA-A7C4-CAAC62C686D9}.Release|Any CPU.Build.0 = Release|Any CPU
	EndGlobalSection
	GlobalSection(SolutionProperties) = preSolution
		HideSolutionNode = FALSE
	EndGlobalSection
	GlobalSection(ExtensibilityGlobals) = postSolution
		SolutionGuid = {B3A2D626-D1A0-4F98-8C2E-1CFE6AD4B110}
	EndGlobalSection
EndGlobal
