
Microsoft Visual Studio Solution File, Format Version 12.00
# Visual Studio 15
VisualStudioVersion = 15.0.28307.329
MinimumVisualStudioVersion = 10.0.40219.1
Project("{FAE04EC0-301F-11D3-BF4B-00C04F79EFBC}") = "13-permutation-equation", "13-permutation-equation\13-permutation-equation.csproj", "{A8293BAF-0788-402B-8E7C-B8060E1E62F4}"
EndProject
Global
	GlobalSection(SolutionConfigurationPlatforms) = preSolution
		Debug|Any CPU = Debug|Any CPU
		Release|Any CPU = Release|Any CPU
	EndGlobalSection
	GlobalSection(ProjectConfigurationPlatforms) = postSolution
		{A8293BAF-0788-402B-8E7C-B8060E1E62F4}.Debug|Any CPU.ActiveCfg = Debug|Any CPU
		{A8293BAF-0788-402B-8E7C-B8060E1E62F4}.Debug|Any CPU.Build.0 = Debug|Any CPU
		{A8293BAF-0788-402B-8E7C-B8060E1E62F4}.Release|Any CPU.ActiveCfg = Release|Any CPU
		{A8293BAF-0788-402B-8E7C-B8060E1E62F4}.Release|Any CPU.Build.0 = Release|Any CPU
	EndGlobalSection
	GlobalSection(SolutionProperties) = preSolution
		HideSolutionNode = FALSE
	EndGlobalSection
	GlobalSection(ExtensibilityGlobals) = postSolution
		SolutionGuid = {2C26E4C0-416C-421E-AF40-95D4B3B9BDED}
	EndGlobalSection
EndGlobal
